// !$*UTF8*$!
{
	archiveVersion = 1;
	classes = {
	};
	objectVersion = 46;
	objects = {

/* Begin PBXBuildFile section */
		5557C5971DBF110A003FC68B /* main.m in Sources */ = {isa = PBXBuildFile; fileRef = 5557C5961DBF110A003FC68B /* main.m */; };
		5557C59A1DBF110A003FC68B /* AppDelegate.m in Sources */ = {isa = PBXBuildFile; fileRef = 5557C5991DBF110A003FC68B /* AppDelegate.m */; };
		5557C59D1DBF110A003FC68B /* ViewController.m in Sources */ = {isa = PBXBuildFile; fileRef = 5557C59C1DBF110A003FC68B /* ViewController.m */; };
		5557C5A01DBF110A003FC68B /* Main.storyboard in Resources */ = {isa = PBXBuildFile; fileRef = 5557C59E1DBF110A003FC68B /* Main.storyboard */; };
		5557C5A21DBF110A003FC68B /* Assets.xcassets in Resources */ = {isa = PBXBuildFile; fileRef = 5557C5A11DBF110A003FC68B /* Assets.xcassets */; };
		5557C5A51DBF110A003FC68B /* LaunchScreen.storyboard in Resources */ = {isa = PBXBuildFile; fileRef = 5557C5A31DBF110A003FC68B /* LaunchScreen.storyboard */; };
		5557C5B01DBF110B003FC68B /* _Tests.m in Sources */ = {isa = PBXBuildFile; fileRef = 5557C5AF1DBF110B003FC68B /* _Tests.m */; };
		5557C5BB1DBF110B003FC68B /* _UITests.m in Sources */ = {isa = PBXBuildFile; fileRef = 5557C5BA1DBF110B003FC68B /* _UITests.m */; };
/* End PBXBuildFile section */

/* Begin PBXContainerItemProxy section */
		5557C5AC1DBF110B003FC68B /* PBXContainerItemProxy */ = {
			isa = PBXContainerItemProxy;
			containerPortal = 5557C58A1DBF110A003FC68B /* Project object */;
			proxyType = 1;
			remoteGlobalIDString = 5557C5911DBF110A003FC68B;
			remoteInfo = 1;
		};
		5557C5B71DBF110B003FC68B /* PBXContainerItemProxy */ = {
			isa = PBXContainerItemProxy;
			containerPortal = 5557C58A1DBF110A003FC68B /* Project object */;
			proxyType = 1;
			remoteGlobalIDString = 5557C5911DBF110A003FC68B;
			remoteInfo = 1;
		};
/* End PBXContainerItemProxy section */

/* Begin PBXFileReference section */
		5557C5921DBF110A003FC68B /* 1.app */ = {isa = PBXFileReference; explicitFileType = wrapper.application; includeInIndex = 0; path = 1.app; sourceTree = BUILT_PRODUCTS_DIR; };
		5557C5961DBF110A003FC68B /* main.m */ = {isa = PBXFileReference; lastKnownFileType = sourcecode.c.objc; path = main.m; sourceTree = "<group>"; };
		5557C5981DBF110A003FC68B /* AppDelegate.h */ = {isa = PBXFileReference; lastKnownFileType = sourcecode.c.h; path = AppDelegate.h; sourceTree = "<group>"; };
		5557C5991DBF110A003FC68B /* AppDelegate.m */ = {isa = PBXFileReference; lastKnownFileType = sourcecode.c.objc; path = AppDelegate.m; sourceTree = "<group>"; };
		5557C59B1DBF110A003FC68B /* ViewController.h */ = {isa = PBXFileReference; lastKnownFileType = sourcecode.c.h; path = ViewController.h; sourceTree = "<group>"; };
		5557C59C1DBF110A003FC68B /* ViewController.m */ = {isa = PBXFileReference; lastKnownFileType = sourcecode.c.objc; path = ViewController.m; sourceTree = "<group>"; };
		5557C59F1DBF110A003FC68B /* Base */ = {isa = PBXFileReference; lastKnownFileType = file.storyboard; name = Base; path = Base.lproj/Main.storyboard; sourceTree = "<group>"; };
		5557C5A11DBF110A003FC68B /* Assets.xcassets */ = {isa = PBXFileReference; lastKnownFileType = folder.assetcatalog; path = Assets.xcassets; sourceTree = "<group>"; };
		5557C5A41DBF110A003FC68B /* Base */ = {isa = PBXFileReference; lastKnownFileType = file.storyboard; name = Base; path = Base.lproj/LaunchScreen.storyboard; sourceTree = "<group>"; };
		5557C5A61DBF110A003FC68B /* Info.plist */ = {isa = PBXFileReference; lastKnownFileType = text.plist.xml; path = Info.plist; sourceTree = "<group>"; };
		5557C5AB1DBF110B003FC68B /* 1Tests.xctest */ = {isa = PBXFileReference; explicitFileType = wrapper.cfbundle; includeInIndex = 0; path = 1Tests.xctest; sourceTree = BUILT_PRODUCTS_DIR; };
		5557C5AF1DBF110B003FC68B /* _Tests.m */ = {isa = PBXFileReference; lastKnownFileType = sourcecode.c.objc; path = _Tests.m; sourceTree = "<group>"; };
		5557C5B11DBF110B003FC68B /* Info.plist */ = {isa = PBXFileReference; lastKnownFileType = text.plist.xml; path = Info.plist; sourceTree = "<group>"; };
		5557C5B61DBF110B003FC68B /* 1UITests.xctest */ = {isa = PBXFileReference; explicitFileType = wrapper.cfbundle; includeInIndex = 0; path = 1UITests.xctest; sourceTree = BUILT_PRODUCTS_DIR; };
		5557C5BA1DBF110B003FC68B /* _UITests.m */ = {isa = PBXFileReference; lastKnownFileType = sourcecode.c.objc; path = _UITests.m; sourceTree = "<group>"; };
		5557C5BC1DBF110B003FC68B /* Info.plist */ = {isa = PBXFileReference; lastKnownFileType = text.plist.xml; path = Info.plist; sourceTree = "<group>"; };
/* End PBXFileReference section */

/* Begin PBXFrameworksBuildPhase section */
		5557C58F1DBF110A003FC68B /* Frameworks */ = {
			isa = PBXFrameworksBuildPhase;
			buildActionMask = 2147483647;
			files = (
			);
			runOnlyForDeploymentPostprocessing = 0;
		};
		5557C5A81DBF110B003FC68B /* Frameworks */ = {
			isa = PBXFrameworksBuildPhase;
			buildActionMask = 2147483647;
			files = (
			);
			runOnlyForDeploymentPostprocessing = 0;
		};
		5557C5B31DBF110B003FC68B /* Frameworks */ = {
			isa = PBXFrameworksBuildPhase;
			buildActionMask = 2147483647;
			files = (
			);
			runOnlyForDeploymentPostprocessing = 0;
		};
/* End PBXFrameworksBuildPhase section */

/* Begin PBXGroup section */
		5557C5891DBF110A003FC68B = {
			isa = PBXGroup;
			children = (
				5557C5941DBF110A003FC68B /* 1 */,
				5557C5AE1DBF110B003FC68B /* 1Tests */,
				5557C5B91DBF110B003FC68B /* 1UITests */,
				5557C5931DBF110A003FC68B /* Products */,
			);
			sourceTree = "<group>";
		};
		5557C5931DBF110A003FC68B /* Products */ = {
			isa = PBXGroup;
			children = (
				5557C5921DBF110A003FC68B /* 1.app */,
				5557C5AB1DBF110B003FC68B /* 1Tests.xctest */,
				5557C5B61DBF110B003FC68B /* 1UITests.xctest */,
			);
			name = Products;
			sourceTree = "<group>";
		};
		5557C5941DBF110A003FC68B /* 1 */ = {
			isa = PBXGroup;
			children = (
				5557C5981DBF110A003FC68B /* AppDelegate.h */,
				5557C5991DBF110A003FC68B /* AppDelegate.m */,
				5557C59B1DBF110A003FC68B /* ViewController.h */,
				5557C59C1DBF110A003FC68B /* ViewController.m */,
				5557C59E1DBF110A003FC68B /* Main.storyboard */,
				5557C5A11DBF110A003FC68B /* Assets.xcassets */,
				5557C5A31DBF110A003FC68B /* LaunchScreen.storyboard */,
				5557C5A61DBF110A003FC68B /* Info.plist */,
				5557C5951DBF110A003FC68B /* Supporting Files */,
			);
			path = 1;
			sourceTree = "<group>";
		};
		5557C5951DBF110A003FC68B /* Supporting Files */ = {
			isa = PBXGroup;
			children = (
				5557C5961DBF110A003FC68B /* main.m */,
			);
			name = "Supporting Files";
			sourceTree = "<group>";
		};
		5557C5AE1DBF110B003FC68B /* 1Tests */ = {
			isa = PBXGroup;
			children = (
				5557C5AF1DBF110B003FC68B /* _Tests.m */,
				5557C5B11DBF110B003FC68B /* Info.plist */,
			);
			path = 1Tests;
			sourceTree = "<group>";
		};
		5557C5B91DBF110B003FC68B /* 1UITests */ = {
			isa = PBXGroup;
			children = (
				5557C5BA1DBF110B003FC68B /* _UITests.m */,
				5557C5BC1DBF110B003FC68B /* Info.plist */,
			);
			path = 1UITests;
			sourceTree = "<group>";
		};
/* End PBXGroup section */

/* Begin PBXNativeTarget section */
		5557C5911DBF110A003FC68B /* 1 */ = {
			isa = PBXNativeTarget;
			buildConfigurationList = 5557C5BF1DBF110B003FC68B /* Build configuration list for PBXNativeTarget "1" */;
			buildPhases = (
				5557C58E1DBF110A003FC68B /* Sources */,
				5557C58F1DBF110A003FC68B /* Frameworks */,
				5557C5901DBF110A003FC68B /* Resources */,
			);
			buildRules = (
			);
			dependencies = (
			);
			name = 1;
			productName = 1;
			productReference = 5557C5921DBF110A003FC68B /* 1.app */;
			productType = "com.apple.product-type.application";
		};
		5557C5AA1DBF110B003FC68B /* 1Tests */ = {
			isa = PBXNativeTarget;
			buildConfigurationList = 5557C5C21DBF110B003FC68B /* Build configuration list for PBXNativeTarget "1Tests" */;
			buildPhases = (
				5557C5A71DBF110B003FC68B /* Sources */,
				5557C5A81DBF110B003FC68B /* Frameworks */,
				5557C5A91DBF110B003FC68B /* Resources */,
			);
			buildRules = (
			);
			dependencies = (
				5557C5AD1DBF110B003FC68B /* PBXTargetDependency */,
			);
			name = 1Tests;
			productName = 1Tests;
			productReference = 5557C5AB1DBF110B003FC68B /* 1Tests.xctest */;
			productType = "com.apple.product-type.bundle.unit-test";
		};
		5557C5B51DBF110B003FC68B /* 1UITests */ = {
			isa = PBXNativeTarget;
			buildConfigurationList = 5557C5C51DBF110B003FC68B /* Build configuration list for PBXNativeTarget "1UITests" */;
			buildPhases = (
				5557C5B21DBF110B003FC68B /* Sources */,
				5557C5B31DBF110B003FC68B /* Frameworks */,
				5557C5B41DBF110B003FC68B /* Resources */,
			);
			buildRules = (
			);
			dependencies = (
				5557C5B81DBF110B003FC68B /* PBXTargetDependency */,
			);
			name = 1UITests;
			productName = 1UITests;
			productReference = 5557C5B61DBF110B003FC68B /* 1UITests.xctest */;
			productType = "com.apple.product-type.bundle.ui-testing";
		};
/* End PBXNativeTarget section */

/* Begin PBXProject section */
		5557C58A1DBF110A003FC68B /* Project object */ = {
			isa = PBXProject;
			attributes = {
				LastUpgradeCheck = 0720;
				ORGANIZATIONNAME = "张海生";
				TargetAttributes = {
					5557C5911DBF110A003FC68B = {
						CreatedOnToolsVersion = 7.2;
					};
					5557C5AA1DBF110B003FC68B = {
						CreatedOnToolsVersion = 7.2;
						TestTargetID = 5557C5911DBF110A003FC68B;
					};
					5557C5B51DBF110B003FC68B = {
						CreatedOnToolsVersion = 7.2;
						TestTargetID = 5557C5911DBF110A003FC68B;
					};
				};
			};
			buildConfigurationList = 5557C58D1DBF110A003FC68B /* Build configuration list for PBXProject "1" */;
			compatibilityVersion = "Xcode 3.2";
			developmentRegion = English;
			hasScannedForEncodings = 0;
			knownRegions = (
				en,
				Base,
			);
			mainGroup = 5557C5891DBF110A003FC68B;
			productRefGroup = 5557C5931DBF110A003FC68B /* Products */;
			projectDirPath = "";
			projectRoot = "";
			targets = (
				5557C5911DBF110A003FC68B /* 1 */,
				5557C5AA1DBF110B003FC68B /* 1Tests */,
				5557C5B51DBF110B003FC68B /* 1UITests */,
			);
		};
/* End PBXProject section */

/* Begin PBXResourcesBuildPhase section */
		5557C5901DBF110A003FC68B /* Resources */ = {
			isa = PBXResourcesBuildPhase;
			buildActionMask = 2147483647;
			files = (
				5557C5A51DBF110A003FC68B /* LaunchScreen.storyboard in Resources */,
				5557C5A21DBF110A003FC68B /* Assets.xcassets in Resources */,
				5557C5A01DBF110A003FC68B /* Main.storyboard in Resources */,
			);
			runOnlyForDeploymentPostprocessing = 0;
		};
		5557C5A91DBF110B003FC68B /* Resources */ = {
			isa = PBXResourcesBuildPhase;
			buildActionMask = 2147483647;
			files = (
			);
			runOnlyForDeploymentPostprocessing = 0;
		};
		5557C5B41DBF110B003FC68B /* Resources */ = {
			isa = PBXResourcesBuildPhase;
			buildActionMask = 2147483647;
			files = (
			);
			runOnlyForDeploymentPostprocessing = 0;
		};
/* End PBXResourcesBuildPhase section */

/* Begin PBXSourcesBuildPhase section */
		5557C58E1DBF110A003FC68B /* Sources */ = {
			isa = PBXSourcesBuildPhase;
			buildActionMask = 2147483647;
			files = (
				5557C59D1DBF110A003FC68B /* ViewController.m in Sources */,
				5557C59A1DBF110A003FC68B /* AppDelegate.m in Sources */,
				5557C5971DBF110A003FC68B /* main.m in Sources */,
			);
			runOnlyForDeploymentPostprocessing = 0;
		};
		5557C5A71DBF110B003FC68B /* Sources */ = {
			isa = PBXSourcesBuildPhase;
			buildActionMask = 2147483647;
			files = (
				5557C5B01DBF110B003FC68B /* _Tests.m in Sources */,
			);
			runOnlyForDeploymentPostprocessing = 0;
		};
		5557C5B21DBF110B003FC68B /* Sources */ = {
			isa = PBXSourcesBuildPhase;
			buildActionMask = 2147483647;
			files = (
				5557C5BB1DBF110B003FC68B /* _UITests.m in Sources */,
			);
			runOnlyForDeploymentPostprocessing = 0;
		};
/* End PBXSourcesBuildPhase section */

/* Begin PBXTargetDependency section */
		5557C5AD1DBF110B003FC68B /* PBXTargetDependency */ = {
			isa = PBXTargetDependency;
			target = 5557C5911DBF110A003FC68B /* 1 */;
			targetProxy = 5557C5AC1DBF110B003FC68B /* PBXContainerItemProxy */;
		};
		5557C5B81DBF110B003FC68B /* PBXTargetDependency */ = {
			isa = PBXTargetDependency;
			target = 5557C5911DBF110A003FC68B /* 1 */;
			targetProxy = 5557C5B71DBF110B003FC68B /* PBXContainerItemProxy */;
		};
/* End PBXTargetDependency section */

/* Begin PBXVariantGroup section */
		5557C59E1DBF110A003FC68B /* Main.storyboard */ = {
			isa = PBXVariantGroup;
			children = (
				5557C59F1DBF110A003FC68B /* Base */,
			);
			name = Main.storyboard;
			sourceTree = "<group>";
		};
		5557C5A31DBF110A003FC68B /* LaunchScreen.storyboard */ = {
			isa = PBXVariantGroup;
			children = (
				5557C5A41DBF110A003FC68B /* Base */,
			);
			name = LaunchScreen.storyboard;
			sourceTree = "<group>";
		};
/* End PBXVariantGroup section */

/* Begin XCBuildConfiguration section */
		5557C5BD1DBF110B003FC68B /* Debug */ = {
			isa = XCBuildConfiguration;
			buildSettings = {
				ALWAYS_SEARCH_USER_PATHS = NO;
				CLANG_CXX_LANGUAGE_STANDARD = "gnu++0x";
				CLANG_CXX_LIBRARY = "libc++";
				CLANG_ENABLE_MODULES = YES;
				CLANG_ENABLE_OBJC_ARC = YES;
				CLANG_WARN_BOOL_CONVERSION = YES;
				CLANG_WARN_CONSTANT_CONVERSION = YES;
				CLANG_WARN_DIRECT_OBJC_ISA_USAGE = YES_ERROR;
				CLANG_WARN_EMPTY_BODY = YES;
				CLANG_WARN_ENUM_CONVERSION = YES;
				CLANG_WARN_INT_CONVERSION = YES;
				CLANG_WARN_OBJC_ROOT_CLASS = YES_ERROR;
				CLANG_WARN_UNREACHABLE_CODE = YES;
				CLANG_WARN__DUPLICATE_METHOD_MATCH = YES;
				"CODE_SIGN_IDENTITY[sdk=iphoneos*]" = "iPhone Developer";
				COPY_PHASE_STRIP = NO;
				DEBUG_INFORMATION_FORMAT = dwarf;
				ENABLE_STRICT_OBJC_MSGSEND = YES;
				ENABLE_TESTABILITY = YES;
				GCC_C_LANGUAGE_STANDARD = gnu99;
				GCC_DYNAMIC_NO_PIC = NO;
				GCC_NO_COMMON_BLOCKS = YES;
				GCC_OPTIMIZATION_LEVEL = 0;
				GCC_PREPROCESSOR_DEFINITIONS = (
					"DEBUG=1",
					"$(inherited)",
				);
				GCC_WARN_64_TO_32_BIT_CONVERSION = YES;
				GCC_WARN_ABOUT_RETURN_TYPE = YES_ERROR;
				GCC_WARN_UNDECLARED_SELECTOR = YES;
				GCC_WARN_UNINITIALIZED_AUTOS = YES_AGGRESSIVE;
				GCC_WARN_UNUSED_FUNCTION = YES;
				GCC_WARN_UNUSED_VARIABLE = YES;
				IPHONEOS_DEPLOYMENT_TARGET = 9.2;
				MTL_ENABLE_DEBUG_INFO = YES;
				ONLY_ACTIVE_ARCH = YES;
				SDKROOT = iphoneos;
				TARGETED_DEVICE_FAMILY = "1,2";
			};
			name = Debug;
		};
		5557C5BE1DBF110B003FC68B /* Release */ = {
			isa = XCBuildConfiguration;
			buildSettings = {
				ALWAYS_SEARCH_USER_PATHS = NO;
				CLANG_CXX_LANGUAGE_STANDARD = "gnu++0x";
				CLANG_CXX_LIBRARY = "libc++";
				CLANG_ENABLE_MODULES = YES;
				CLANG_ENABLE_OBJC_ARC = YES;
				CLANG_WARN_BOOL_CONVERSION = YES;
				CLANG_WARN_CONSTANT_CONVERSION = YES;
				CLANG_WARN_DIRECT_OBJC_ISA_USAGE = YES_ERROR;
				CLANG_WARN_EMPTY_BODY = YES;
				CLANG_WARN_ENUM_CONVERSION = YES;
				CLANG_WARN_INT_CONVERSION = YES;
				CLANG_WARN_OBJC_ROOT_CLASS = YES_ERROR;
				CLANG_WARN_UNREACHABLE_CODE = YES;
				CLANG_WARN__DUPLICATE_METHOD_MATCH = YES;
				"CODE_SIGN_IDENTITY[sdk=iphoneos*]" = "iPhone Developer";
				COPY_PHASE_STRIP = NO;
				DEBUG_INFORMATION_FORMAT = "dwarf-with-dsym";
				ENABLE_NS_ASSERTIONS = NO;
				ENABLE_STRICT_OBJC_MSGSEND = YES;
				GCC_C_LANGUAGE_STANDARD = gnu99;
				GCC_NO_COMMON_BLOCKS = YES;
				GCC_WARN_64_TO_32_BIT_CONVERSION = YES;
				GCC_WARN_ABOUT_RETURN_TYPE = YES_ERROR;
				GCC_WARN_UNDECLARED_SELECTOR = YES;
				GCC_WARN_UNINITIALIZED_AUTOS = YES_AGGRESSIVE;
				GCC_WARN_UNUSED_FUNCTION = YES;
				GCC_WARN_UNUSED_VARIABLE = YES;
				IPHONEOS_DEPLOYMENT_TARGET = 9.2;
				MTL_ENABLE_DEBUG_INFO = NO;
				SDKROOT = iphoneos;
				TARGETED_DEVICE_FAMILY = "1,2";
				VALIDATE_PRODUCT = YES;
			};
			name = Release;
		};
		5557C5C01DBF110B003FC68B /* Debug */ = {
			isa = XCBuildConfiguration;
			buildSettings = {
				ASSETCATALOG_COMPILER_APPICON_NAME = AppIcon;
				INFOPLIST_FILE = 1/Info.plist;
				LD_RUNPATH_SEARCH_PATHS = "$(inherited) @executable_path/Frameworks";
				PRODUCT_BUNDLE_IDENTIFIER = "com.henson.-";
				PRODUCT_NAME = "$(TARGET_NAME)";
			};
			name = Debug;
		};
		5557C5C11DBF110B003FC68B /* Release */ = {
			isa = XCBuildConfiguration;
			buildSettings = {
				ASSETCATALOG_COMPILER_APPICON_NAME = AppIcon;
				INFOPLIST_FILE = 1/Info.plist;
				LD_RUNPATH_SEARCH_PATHS = "$(inherited) @executable_path/Frameworks";
				PRODUCT_BUNDLE_IDENTIFIER = "com.henson.-";
				PRODUCT_NAME = "$(TARGET_NAME)";
			};
			name = Release;
		};
		5557C5C31DBF110B003FC68B /* Debug */ = {
			isa = XCBuildConfiguration;
			buildSettings = {
				BUNDLE_LOADER = "$(TEST_HOST)";
				INFOPLIST_FILE = 1Tests/Info.plist;
				LD_RUNPATH_SEARCH_PATHS = "$(inherited) @executable_path/Frameworks @loader_path/Frameworks";
				PRODUCT_BUNDLE_IDENTIFIER = "com.henson.-Tests";
				PRODUCT_NAME = "$(TARGET_NAME)";
				TEST_HOST = "$(BUILT_PRODUCTS_DIR)/1.app/1";
			};
			name = Debug;
		};
		5557C5C41DBF110B003FC68B /* Release */ = {
			isa = XCBuildConfiguration;
			buildSettings = {
				BUNDLE_LOADER = "$(TEST_HOST)";
				INFOPLIST_FILE = 1Tests/Info.plist;
				LD_RUNPATH_SEARCH_PATHS = "$(inherited) @executable_path/Frameworks @loader_path/Frameworks";
				PRODUCT_BUNDLE_IDENTIFIER = "com.henson.-Tests";
				PRODUCT_NAME = "$(TARGET_NAME)";
				TEST_HOST = "$(BUILT_PRODUCTS_DIR)/1.app/1";
			};
			name = Release;
		};
		5557C5C61DBF110B003FC68B /* Debug */ = {
			isa = XCBuildConfiguration;
			buildSettings = {
				INFOPLIST_FILE = 1UITests/Info.plist;
				LD_RUNPATH_SEARCH_PATHS = "$(inherited) @executable_path/Frameworks @loader_path/Frameworks";
				PRODUCT_BUNDLE_IDENTIFIER = "com.henson.-UITests";
				PRODUCT_NAME = "$(TARGET_NAME)";
				TEST_TARGET_NAME = 1;
				USES_XCTRUNNER = YES;
			};
			name = Debug;
		};
		5557C5C71DBF110B003FC68B /* Release */ = {
			isa = XCBuildConfiguration;
			buildSettings = {
				INFOPLIST_FILE = 1UITests/Info.plist;
				LD_RUNPATH_SEARCH_PATHS = "$(inherited) @executable_path/Frameworks @loader_path/Frameworks";
				PRODUCT_BUNDLE_IDENTIFIER = "com.henson.-UITests";
				PRODUCT_NAME = "$(TARGET_NAME)";
				TEST_TARGET_NAME = 1;
				USES_XCTRUNNER = YES;
			};
			name = Release;
		};
/* End XCBuildConfiguration section */

/* Begin XCConfigurationList section */
		5557C58D1DBF110A003FC68B /* Build configuration list for PBXProject "1" */ = {
			isa = XCConfigurationList;
			buildConfigurations = (
				5557C5BD1DBF110B003FC68B /* Debug */,
				5557C5BE1DBF110B003FC68B /* Release */,
			);
			defaultConfigurationIsVisible = 0;
			defaultConfigurationName = Release;
		};
		5557C5BF1DBF110B003FC68B /* Build configuration list for PBXNativeTarget "1" */ = {
			isa = XCConfigurationList;
			buildConfigurations = (
				5557C5C01DBF110B003FC68B /* Debug */,
				5557C5C11DBF110B003FC68B /* Release */,
			);
			defaultConfigurationIsVisible = 0;
		};
		5557C5C21DBF110B003FC68B /* Build configuration list for PBXNativeTarget "1Tests" */ = {
			isa = XCConfigurationList;
			buildConfigurations = (
				5557C5C31DBF110B003FC68B /* Debug */,
				5557C5C41DBF110B003FC68B /* Release */,
			);
			defaultConfigurationIsVisible = 0;
		};
		5557C5C51DBF110B003FC68B /* Build configuration list for PBXNativeTarget "1UITests" */ = {
			isa = XCConfigurationList;
			buildConfigurations = (
				5557C5C61DBF110B003FC68B /* Debug */,
				5557C5C71DBF110B003FC68B /* Release */,
			);
			defaultConfigurationIsVisible = 0;
		};
/* End XCConfigurationList section */
	};
	rootObject = 5557C58A1DBF110A003FC68B /* Project object */;
}
